// !$*UTF8*$!
{
	archiveVersion = 1;
	classes = {
	};
	objectVersion = 77;
	objects = {

/* Begin PBXContainerItemProxy section */
		CB4BBF482F910F7B004F8C51 /* PBXContainerItemProxy */ = {
			isa = PBXContainerItemProxy;
			containerPortal = CB4BBF322F910F79004F8C51 /* Project object */;
			proxyType = 1;
			remoteGlobalIDString = CB4BBF392F910F79004F8C51;
			remoteInfo = "CVS-Code-Challenge";
		};
		CB4BBF522F910F7B004F8C51 /* PBXContainerItemProxy */ = {
			isa = PBXContainerItemProxy;
			containerPortal = CB4BBF322F910F79004F8C51 /* Project object */;
			proxyType = 1;
			remoteGlobalIDString = CB4BBF392F910F79004F8C51;
			remoteInfo = "CVS-Code-Challenge";
		};
/* End PBXContainerItemProxy section */

/* Begin PBXFileReference section */
		CB4BBF3A2F910F79004F8C51 /* CVS-Code-Challenge.app */ = {isa = PBXFileReference; explicitFileType = wrapper.application; includeInIndex = 0; path = "CVS-Code-Challenge.app"; sourceTree = BUILT_PRODUCTS_DIR; };
		CB4BBF472F910F7B004F8C51 /* CVS-Code-ChallengeTests.xctest */ = {isa = PBXFileReference; explicitFileType = wrapper.cfbundle; includeInIndex = 0; path = "CVS-Code-ChallengeTests.xctest"; sourceTree = BUILT_PRODUCTS_DIR; };
		CB4BBF512F910F7B004F8C51 /* CVS-Code-ChallengeUITests.xctest */ = {isa = PBXFileReference; explicitFileType = wrapper.cfbundle; includeInIndex = 0; path = "CVS-Code-ChallengeUITests.xctest"; sourceTree = BUILT_PRODUCTS_DIR; };
/* End PBXFileReference section */

/* Begin PBXFileSystemSynchronizedRootGroup section */
		CB4BBF3C2F910F79004F8C51 /* CVS-Code-Challenge */ = {
			isa = PBXFileSystemSynchronizedRootGroup;
			path = "CVS-Code-Challenge";
			sourceTree = "<group>";
		};
		CB4BBF4A2F910F7B004F8C51 /* CVS-Code-ChallengeTests */ = {
			isa = PBXFileSystemSynchronizedRootGroup;
			path = "CVS-Code-ChallengeTests";
			sourceTree = "<group>";
		};
		CB4BBF542F910F7B004F8C51 /* CVS-Code-ChallengeUITests */ = {
			isa = PBXFileSystemSynchronizedRootGroup;
			path = "CVS-Code-ChallengeUITests";
			sourceTree = "<group>";
		};
/* End PBXFileSystemSynchronizedRootGroup section */

/* Begin PBXFrameworksBuildPhase section */
		CB4BBF372F910F79004F8C51 /* Frameworks */ = {
			isa = PBXFrameworksBuildPhase;
			buildActionMask = 2147483647;
			files = (
			);
			runOnlyForDeploymentPostprocessing = 0;
		};
		CB4BBF442F910F7B004F8C51 /* Frameworks */ = {
			isa = PBXFrameworksBuildPhase;
			buildActionMask = 2147483647;
			files = (
			);
			runOnlyForDeploymentPostprocessing = 0;
		};
		CB4BBF4E2F910F7B004F8C51 /* Frameworks */ = {
			isa = PBXFrameworksBuildPhase;
			buildActionMask = 2147483647;
			files = (
			);
			runOnlyForDeploymentPostprocessing = 0;
		};
/* End PBXFrameworksBuildPhase section */

/* Begin PBXGroup section */
		CB4BBF312F910F79004F8C51 = {
			isa = PBXGroup;
			children = (
				CB4BBF3C2F910F79004F8C51 /* CVS-Code-Challenge */,
				CB4BBF4A2F910F7B004F8C51 /* CVS-Code-ChallengeTests */,
				CB4BBF542F910F7B004F8C51 /* CVS-Code-ChallengeUITests */,
				CB4BBF3B2F910F79004F8C51 /* Products */,
			);
			sourceTree = "<group>";
		};
		CB4BBF3B2F910F79004F8C51 /* Products */ = {
			isa = PBXGroup;
			children = (
				CB4BBF3A2F910F79004F8C51 /* CVS-Code-Challenge.app */,
				CB4BBF472F910F7B004F8C51 /* CVS-Code-ChallengeTests.xctest */,
				CB4BBF512F910F7B004F8C51 /* CVS-Code-ChallengeUITests.xctest */,
			);
			name = Products;
			sourceTree = "<group>";
		};
/* End PBXGroup section */

/* Begin PBXNativeTarget section */
		CB4BBF392F910F79004F8C51 /* CVS-Code-Challenge */ = {
			isa = PBXNativeTarget;
			buildConfigurationList = CB4BBF5B2F910F7B004F8C51 /* Build configuration list for PBXNativeTarget "CVS-Code-Challenge" */;
			buildPhases = (
				CB4BBF362F910F79004F8C51 /* Sources */,
				CB4BBF372F910F79004F8C51 /* Frameworks */,
				CB4BBF382F910F79004F8C51 /* Resources */,
			);
			buildRules = (
			);
			dependencies = (
			);
			fileSystemSynchronizedGroups = (
				CB4BBF3C2F910F79004F8C51 /* CVS-Code-Challenge */,
			);
			name = "CVS-Code-Challenge";
			packageProductDependencies = (
			);
			productName = "CVS-Code-Challenge";
			productReference = CB4BBF3A2F910F79004F8C51 /* CVS-Code-Challenge.app */;
			productType = "com.apple.product-type.application";
		};
		CB4BBF462F910F7B004F8C51 /* CVS-Code-ChallengeTests */ = {
			isa = PBXNativeTarget;
			buildConfigurationList = CB4BBF5E2F910F7B004F8C51 /* Build configuration list for PBXNativeTarget "CVS-Code-ChallengeTests" */;
			buildPhases = (
				CB4BBF432F910F7B004F8C51 /* Sources */,
				CB4BBF442F910F7B004F8C51 /* Frameworks */,
				CB4BBF452F910F7B004F8C51 /* Resources */,
			);
			buildRules = (
			);
			dependencies = (
				CB4BBF492F910F7B004F8C51 /* PBXTargetDependency */,
			);
			fileSystemSynchronizedGroups = (
				CB4BBF4A2F910F7B004F8C51 /* CVS-Code-ChallengeTests */,
			);
			name = "CVS-Code-ChallengeTests";
			packageProductDependencies = (
			);
			productName = "CVS-Code-ChallengeTests";
			productReference = CB4BBF472F910F7B004F8C51 /* CVS-Code-ChallengeTests.xctest */;
			productType = "com.apple.product-type.bundle.unit-test";
		};
		CB4BBF502F910F7B004F8C51 /* CVS-Code-ChallengeUITests */ = {
			isa = PBXNativeTarget;
			buildConfigurationList = CB4BBF612F910F7B004F8C51 /* Build configuration list for PBXNativeTarget "CVS-Code-ChallengeUITests" */;
			buildPhases = (
				CB4BBF4D2F910F7B004F8C51 /* Sources */,
				CB4BBF4E2F910F7B004F8C51 /* Frameworks */,
				CB4BBF4F2F910F7B004F8C51 /* Resources */,
			);
			buildRules = (
			);
			dependencies = (
				CB4BBF532F910F7B004F8C51 /* PBXTargetDependency */,
			);
			fileSystemSynchronizedGroups = (
				CB4BBF542F910F7B004F8C51 /* CVS-Code-ChallengeUITests */,
			);
			name = "CVS-Code-ChallengeUITests";
			packageProductDependencies = (
			);
			productName = "CVS-Code-ChallengeUITests";
			productReference = CB4BBF512F910F7B004F8C51 /* CVS-Code-ChallengeUITests.xctest */;
			productType = "com.apple.product-type.bundle.ui-testing";
		};
/* End PBXNativeTarget section */

/* Begin PBXProject section */
		CB4BBF322F910F79004F8C51 /* Project object */ = {
			isa = PBXProject;
			attributes = {
				BuildIndependentTargetsInParallel = 1;
				LastSwiftUpdateCheck = 2640;
				LastUpgradeCheck = 2640;
				TargetAttributes = {
					CB4BBF392F910F79004F8C51 = {
						CreatedOnToolsVersion = 26.4;
					};
					CB4BBF462F910F7B004F8C51 = {
						CreatedOnToolsVersion = 26.4;
						TestTargetID = CB4BBF392F910F79004F8C51;
					};
					CB4BBF502F910F7B004F8C51 = {
						CreatedOnToolsVersion = 26.4;
						TestTargetID = CB4BBF392F910F79004F8C51;
					};
				};
			};
			buildConfigurationList = CB4BBF352F910F79004F8C51 /* Build configuration list for PBXProject "CVS-Code-Challenge" */;
			developmentRegion = en;
			hasScannedForEncodings = 0;
			knownRegions = (
				en,
				Base,
			);
			mainGroup = CB4BBF312F910F79004F8C51;
			minimizedProjectReferenceProxies = 1;
			preferredProjectObjectVersion = 77;
			productRefGroup = CB4BBF3B2F910F79004F8C51 /* Products */;
			projectDirPath = "";
			projectRoot = "";
			targets = (
				CB4BBF392F910F79004F8C51 /* CVS-Code-Challenge */,
				CB4BBF462F910F7B004F8C51 /* CVS-Code-ChallengeTests */,
				CB4BBF502F910F7B004F8C51 /* CVS-Code-ChallengeUITests */,
			);
		};
/* End PBXProject section */

/* Begin PBXResourcesBuildPhase section */
		CB4BBF382F910F79004F8C51 /* Resources */ = {
			isa = PBXResourcesBuildPhase;
			buildActionMask = 2147483647;
			files = (
			);
			runOnlyForDeploymentPostprocessing = 0;
		};
		CB4BBF452F910F7B004F8C51 /* Resources */ = {
			isa = PBXResourcesBuildPhase;
			buildActionMask = 2147483647;
			files = (
			);
			runOnlyForDeploymentPostprocessing = 0;
		};
		CB4BBF4F2F910F7B004F8C51 /* Resources */ = {
			isa = PBXResourcesBuildPhase;
			buildActionMask = 2147483647;
			files = (
			);
			runOnlyForDeploymentPostprocessing = 0;
		};
/* End PBXResourcesBuildPhase section */

/* Begin PBXSourcesBuildPhase section */
		CB4BBF362F910F79004F8C51 /* Sources */ = {
			isa = PBXSourcesBuildPhase;
			buildActionMask = 2147483647;
			files = (
			);
			runOnlyForDeploymentPostprocessing = 0;
		};
		CB4BBF432F910F7B004F8C51 /* Sources */ = {
			isa = PBXSourcesBuildPhase;
			buildActionMask = 2147483647;
			files = (
			);
			runOnlyForDeploymentPostprocessing = 0;
		};
		CB4BBF4D2F910F7B004F8C51 /* Sources */ = {
			isa = PBXSourcesBuildPhase;
			buildActionMask = 2147483647;
			files = (
			);
			runOnlyForDeploymentPostprocessing = 0;
		};
/* End PBXSourcesBuildPhase section */

/* Begin PBXTargetDependency section */
		CB4BBF492F910F7B004F8C51 /* PBXTargetDependency */ = {
			isa = PBXTargetDependency;
			target = CB4BBF392F910F79004F8C51 /* CVS-Code-Challenge */;
			targetProxy = CB4BBF482F910F7B004F8C51 /* PBXContainerItemProxy */;
		};
		CB4BBF532F910F7B004F8C51 /* PBXTargetDependency */ = {
			isa = PBXTargetDependency;
			target = CB4BBF392F910F79004F8C51 /* CVS-Code-Challenge */;
			targetProxy = CB4BBF522F910F7B004F8C51 /* PBXContainerItemProxy */;
		};
/* End PBXTargetDependency section */

/* Begin XCBuildConfiguration section */
		CB4BBF592F910F7B004F8C51 /* Debug */ = {
			isa = XCBuildConfiguration;
			buildSettings = {
				ALWAYS_SEARCH_USER_PATHS = NO;
				ASSETCATALOG_COMPILER_GENERATE_SWIFT_ASSET_SYMBOL_EXTENSIONS = YES;
				CLANG_ANALYZER_NONNULL = YES;
				CLANG_ANALYZER_NUMBER_OBJECT_CONVERSION = YES_AGGRESSIVE;
				CLANG_CXX_LANGUAGE_STANDARD = "gnu++20";
				CLANG_ENABLE_MODULES = YES;
				CLANG_ENABLE_OBJC_ARC = YES;
				CLANG_ENABLE_OBJC_WEAK = YES;
				CLANG_WARN_BLOCK_CAPTURE_AUTORELEASING = YES;
				CLANG_WARN_BOOL_CONVERSION = YES;
				CLANG_WARN_COMMA = YES;
				CLANG_WARN_CONSTANT_CONVERSION = YES;
				CLANG_WARN_DEPRECATED_OBJC_IMPLEMENTATIONS = YES;
				CLANG_WARN_DIRECT_OBJC_ISA_USAGE = YES_ERROR;
				CLANG_WARN_DOCUMENTATION_COMMENTS = YES;
				CLANG_WARN_EMPTY_BODY = YES;
				CLANG_WARN_ENUM_CONVERSION = YES;
				CLANG_WARN_INFINITE_RECURSION = YES;
				CLANG_WARN_INT_CONVERSION = YES;
				CLANG_WARN_NON_LITERAL_NULL_CONVERSION = YES;
				CLANG_WARN_OBJC_IMPLICIT_RETAIN_SELF = YES;
				CLANG_WARN_OBJC_LITERAL_CONVERSION = YES;
				CLANG_WARN_OBJC_ROOT_CLASS = YES_ERROR;
				CLANG_WARN_QUOTED_INCLUDE_IN_FRAMEWORK_HEADER = YES;
				CLANG_WARN_RANGE_LOOP_ANALYSIS = YES;
				CLANG_WARN_STRICT_PROTOTYPES = YES;
				CLANG_WARN_SUSPICIOUS_MOVE = YES;
				CLANG_WARN_UNGUARDED_AVAILABILITY = YES_AGGRESSIVE;
				CLANG_WARN_UNREACHABLE_CODE = YES;
				CLANG_WARN__DUPLICATE_METHOD_MATCH = YES;
				COPY_PHASE_STRIP = NO;
				DEBUG_INFORMATION_FORMAT = dwarf;
				DEVELOPMENT_TEAM = 6X77VAD2DH;
				ENABLE_STRICT_OBJC_MSGSEND = YES;
				ENABLE_TESTABILITY = YES;
				ENABLE_USER_SCRIPT_SANDBOXING = YES;
				GCC_C_LANGUAGE_STANDARD = gnu17;
				GCC_DYNAMIC_NO_PIC = NO;
				GCC_NO_COMMON_BLOCKS = YES;
				GCC_OPTIMIZATION_LEVEL = 0;
				GCC_PREPROCESSOR_DEFINITIONS = (
					"DEBUG=1",
					"$(inherited)",
				);
				GCC_WARN_64_TO_32_BIT_CONVERSION = YES;
				GCC_WARN_ABOUT_RETURN_TYPE = YES_ERROR;
				GCC_WARN_UNDECLARED_SELECTOR = YES;
				GCC_WARN_UNINITIALIZED_AUTOS = YES_AGGRESSIVE;
				GCC_WARN_UNUSED_FUNCTION = YES;
				GCC_WARN_UNUSED_VARIABLE = YES;
				IPHONEOS_DEPLOYMENT_TARGET = 26.4;
				LOCALIZATION_PREFERS_STRING_CATALOGS = YES;
				MTL_ENABLE_DEBUG_INFO = INCLUDE_SOURCE;
				MTL_FAST_MATH = YES;
				ONLY_ACTIVE_ARCH = YES;
				SDKROOT = iphoneos;
				SWIFT_ACTIVE_COMPILATION_CONDITIONS = "DEBUG $(inherited)";
				SWIFT_OPTIMIZATION_LEVEL = "-Onone";
			};
			name = Debug;
		};
		CB4BBF5A2F910F7B004F8C51 /* Release */ = {
			isa = XCBuildConfiguration;
			buildSettings = {
				ALWAYS_SEARCH_USER_PATHS = NO;
				ASSETCATALOG_COMPILER_GENERATE_SWIFT_ASSET_SYMBOL_EXTENSIONS = YES;
				CLANG_ANALYZER_NONNULL = YES;
				CLANG_ANALYZER_NUMBER_OBJECT_CONVERSION = YES_AGGRESSIVE;
				CLANG_CXX_LANGUAGE_STANDARD = "gnu++20";
				CLANG_ENABLE_MODULES = YES;
				CLANG_ENABLE_OBJC_ARC = YES;
				CLANG_ENABLE_OBJC_WEAK = YES;
				CLANG_WARN_BLOCK_CAPTURE_AUTORELEASING = YES;
				CLANG_WARN_BOOL_CONVERSION = YES;
				CLANG_WARN_COMMA = YES;
				CLANG_WARN_CONSTANT_CONVERSION = YES;
				CLANG_WARN_DEPRECATED_OBJC_IMPLEMENTATIONS = YES;
				CLANG_WARN_DIRECT_OBJC_ISA_USAGE = YES_ERROR;
				CLANG_WARN_DOCUMENTATION_COMMENTS = YES;
				CLANG_WARN_EMPTY_BODY = YES;
				CLANG_WARN_ENUM_CONVERSION = YES;
				CLANG_WARN_INFINITE_RECURSION = YES;
				CLANG_WARN_INT_CONVERSION = YES;
				CLANG_WARN_NON_LITERAL_NULL_CONVERSION = YES;
				CLANG_WARN_OBJC_IMPLICIT_RETAIN_SELF = YES;
				CLANG_WARN_OBJC_LITERAL_CONVERSION = YES;
				CLANG_WARN_OBJC_ROOT_CLASS = YES_ERROR;
				CLANG_WARN_QUOTED_INCLUDE_IN_FRAMEWORK_HEADER = YES;
				CLANG_WARN_RANGE_LOOP_ANALYSIS = YES;
				CLANG_WARN_STRICT_PROTOTYPES = YES;
				CLANG_WARN_SUSPICIOUS_MOVE = YES;
				CLANG_WARN_UNGUARDED_AVAILABILITY = YES_AGGRESSIVE;
				CLANG_WARN_UNREACHABLE_CODE = YES;
				CLANG_WARN__DUPLICATE_METHOD_MATCH = YES;
				COPY_PHASE_STRIP = NO;
				DEBUG_INFORMATION_FORMAT = "dwarf-with-dsym";
				DEVELOPMENT_TEAM = 6X77VAD2DH;
				ENABLE_NS_ASSERTIONS = NO;
				ENABLE_STRICT_OBJC_MSGSEND = YES;
				ENABLE_USER_SCRIPT_SANDBOXING = YES;
				GCC_C_LANGUAGE_STANDARD = gnu17;
				GCC_NO_COMMON_BLOCKS = YES;
				GCC_WARN_64_TO_32_BIT_CONVERSION = YES;
				GCC_WARN_ABOUT_RETURN_TYPE = YES_ERROR;
				GCC_WARN_UNDECLARED_SELECTOR = YES;
				GCC_WARN_UNINITIALIZED_AUTOS = YES_AGGRESSIVE;
				GCC_WARN_UNUSED_FUNCTION = YES;
				GCC_WARN_UNUSED_VARIABLE = YES;
				IPHONEOS_DEPLOYMENT_TARGET = 26.4;
				LOCALIZATION_PREFERS_STRING_CATALOGS = YES;
				MTL_ENABLE_DEBUG_INFO = NO;
				MTL_FAST_MATH = YES;
				SDKROOT = iphoneos;
				SWIFT_COMPILATION_MODE = wholemodule;
				VALIDATE_PRODUCT = YES;
			};
			name = Release;
		};
		CB4BBF5C2F910F7B004F8C51 /* Debug */ = {
			isa = XCBuildConfiguration;
			buildSettings = {
				ASSETCATALOG_COMPILER_APPICON_NAME = AppIcon;
				ASSETCATALOG_COMPILER_GLOBAL_ACCENT_COLOR_NAME = AccentColor;
				CODE_SIGN_STYLE = Automatic;
				CURRENT_PROJECT_VERSION = 1;
				DEVELOPMENT_TEAM = 6X77VAD2DH;
				ENABLE_PREVIEWS = YES;
				GENERATE_INFOPLIST_FILE = YES;
				INFOPLIST_KEY_UIApplicationSceneManifest_Generation = YES;
				INFOPLIST_KEY_UIApplicationSupportsIndirectInputEvents = YES;
				INFOPLIST_KEY_UILaunchScreen_Generation = YES;
				INFOPLIST_KEY_UISupportedInterfaceOrientations_iPad = "UIInterfaceOrientationPortrait UIInterfaceOrientationPortraitUpsideDown UIInterfaceOrientationLandscapeLeft UIInterfaceOrientationLandscapeRight";
				INFOPLIST_KEY_UISupportedInterfaceOrientations_iPhone = "UIInterfaceOrientationPortrait UIInterfaceOrientationLandscapeLeft UIInterfaceOrientationLandscapeRight";
				LD_RUNPATH_SEARCH_PATHS = (
					"$(inherited)",
					"@executable_path/Frameworks",
				);
				MARKETING_VERSION = 1.0;
				PRODUCT_BUNDLE_IDENTIFIER = "garsontech.com.CVS-Code-Challenge";
				PRODUCT_NAME = "$(TARGET_NAME)";
				STRING_CATALOG_GENERATE_SYMBOLS = YES;
				SWIFT_APPROACHABLE_CONCURRENCY = YES;
				SWIFT_DEFAULT_ACTOR_ISOLATION = MainActor;
				SWIFT_EMIT_LOC_STRINGS = YES;
				SWIFT_UPCOMING_FEATURE_MEMBER_IMPORT_VISIBILITY = YES;
				SWIFT_VERSION = 5.0;
				TARGETED_DEVICE_FAMILY = "1,2";
			};
			name = Debug;
		};
		CB4BBF5D2F910F7B004F8C51 /* Release */ = {
			isa = XCBuildConfiguration;
			buildSettings = {
				ASSETCATALOG_COMPILER_APPICON_NAME = AppIcon;
				ASSETCATALOG_COMPILER_GLOBAL_ACCENT_COLOR_NAME = AccentColor;
				CODE_SIGN_STYLE = Automatic;
				CURRENT_PROJECT_VERSION = 1;
				DEVELOPMENT_TEAM = 6X77VAD2DH;
				ENABLE_PREVIEWS = YES;
				GENERATE_INFOPLIST_FILE = YES;
				INFOPLIST_KEY_UIApplicationSceneManifest_Generation = YES;
				INFOPLIST_KEY_UIApplicationSupportsIndirectInputEvents = YES;
				INFOPLIST_KEY_UILaunchScreen_Generation = YES;
				INFOPLIST_KEY_UISupportedInterfaceOrientations_iPad = "UIInterfaceOrientationPortrait UIInterfaceOrientationPortraitUpsideDown UIInterfaceOrientationLandscapeLeft UIInterfaceOrientationLandscapeRight";
				INFOPLIST_KEY_UISupportedInterfaceOrientations_iPhone = "UIInterfaceOrientationPortrait UIInterfaceOrientationLandscapeLeft UIInterfaceOrientationLandscapeRight";
				LD_RUNPATH_SEARCH_PATHS = (
					"$(inherited)",
					"@executable_path/Frameworks",
				);
				MARKETING_VERSION = 1.0;
				PRODUCT_BUNDLE_IDENTIFIER = "garsontech.com.CVS-Code-Challenge";
				PRODUCT_NAME = "$(TARGET_NAME)";
				STRING_CATALOG_GENERATE_SYMBOLS = YES;
				SWIFT_APPROACHABLE_CONCURRENCY = YES;
				SWIFT_DEFAULT_ACTOR_ISOLATION = MainActor;
				SWIFT_EMIT_LOC_STRINGS = YES;
				SWIFT_UPCOMING_FEATURE_MEMBER_IMPORT_VISIBILITY = YES;
				SWIFT_VERSION = 5.0;
				TARGETED_DEVICE_FAMILY = "1,2";
			};
			name = Release;
		};
		CB4BBF5F2F910F7B004F8C51 /* Debug */ = {
			isa = XCBuildConfiguration;
			buildSettings = {
				BUNDLE_LOADER = "$(TEST_HOST)";
				CODE_SIGN_STYLE = Automatic;
				CURRENT_PROJECT_VERSION = 1;
				DEVELOPMENT_TEAM = 6X77VAD2DH;
				GENERATE_INFOPLIST_FILE = YES;
				IPHONEOS_DEPLOYMENT_TARGET = 26.4;
				MARKETING_VERSION = 1.0;
				PRODUCT_BUNDLE_IDENTIFIER = "garsontech.com.CVS-Code-ChallengeTests";
				PRODUCT_NAME = "$(TARGET_NAME)";
				STRING_CATALOG_GENERATE_SYMBOLS = NO;
				SWIFT_APPROACHABLE_CONCURRENCY = YES;
				SWIFT_EMIT_LOC_STRINGS = NO;
				SWIFT_UPCOMING_FEATURE_MEMBER_IMPORT_VISIBILITY = YES;
				SWIFT_VERSION = 5.0;
				TARGETED_DEVICE_FAMILY = "1,2";
				TEST_HOST = "$(BUILT_PRODUCTS_DIR)/CVS-Code-Challenge.app/$(BUNDLE_EXECUTABLE_FOLDER_PATH)/CVS-Code-Challenge";
			};
			name = Debug;
		};
		CB4BBF602F910F7B004F8C51 /* Release */ = {
			isa = XCBuildConfiguration;
			buildSettings = {
				BUNDLE_LOADER = "$(TEST_HOST)";
				CODE_SIGN_STYLE = Automatic;
				CURRENT_PROJECT_VERSION = 1;
				DEVELOPMENT_TEAM = 6X77VAD2DH;
				GENERATE_INFOPLIST_FILE = YES;
				IPHONEOS_DEPLOYMENT_TARGET = 26.4;
				MARKETING_VERSION = 1.0;
				PRODUCT_BUNDLE_IDENTIFIER = "garsontech.com.CVS-Code-ChallengeTests";
				PRODUCT_NAME = "$(TARGET_NAME)";
				STRING_CATALOG_GENERATE_SYMBOLS = NO;
				SWIFT_APPROACHABLE_CONCURRENCY = YES;
				SWIFT_EMIT_LOC_STRINGS = NO;
				SWIFT_UPCOMING_FEATURE_MEMBER_IMPORT_VISIBILITY = YES;
				SWIFT_VERSION = 5.0;
				TARGETED_DEVICE_FAMILY = "1,2";
				TEST_HOST = "$(BUILT_PRODUCTS_DIR)/CVS-Code-Challenge.app/$(BUNDLE_EXECUTABLE_FOLDER_PATH)/CVS-Code-Challenge";
			};
			name = Release;
		};
		CB4BBF622F910F7B004F8C51 /* Debug */ = {
			isa = XCBuildConfiguration;
			buildSettings = {
				CODE_SIGN_STYLE = Automatic;
				CURRENT_PROJECT_VERSION = 1;
				DEVELOPMENT_TEAM = 6X77VAD2DH;
				GENERATE_INFOPLIST_FILE = YES;
				MARKETING_VERSION = 1.0;
				PRODUCT_BUNDLE_IDENTIFIER = "garsontech.com.CVS-Code-ChallengeUITests";
				PRODUCT_NAME = "$(TARGET_NAME)";
				STRING_CATALOG_GENERATE_SYMBOLS = NO;
				SWIFT_APPROACHABLE_CONCURRENCY = YES;
				SWIFT_EMIT_LOC_STRINGS = NO;
				SWIFT_UPCOMING_FEATURE_MEMBER_IMPORT_VISIBILITY = YES;
				SWIFT_VERSION = 5.0;
				TARGETED_DEVICE_FAMILY = "1,2";
				TEST_TARGET_NAME = "CVS-Code-Challenge";
			};
			name = Debug;
		};
		CB4BBF632F910F7B004F8C51 /* Release */ = {
			isa = XCBuildConfiguration;
			buildSettings = {
				CODE_SIGN_STYLE = Automatic;
				CURRENT_PROJECT_VERSION = 1;
				DEVELOPMENT_TEAM = 6X77VAD2DH;
				GENERATE_INFOPLIST_FILE = YES;
				MARKETING_VERSION = 1.0;
				PRODUCT_BUNDLE_IDENTIFIER = "garsontech.com.CVS-Code-ChallengeUITests";
				PRODUCT_NAME = "$(TARGET_NAME)";
				STRING_CATALOG_GENERATE_SYMBOLS = NO;
				SWIFT_APPROACHABLE_CONCURRENCY = YES;
				SWIFT_EMIT_LOC_STRINGS = NO;
				SWIFT_UPCOMING_FEATURE_MEMBER_IMPORT_VISIBILITY = YES;
				SWIFT_VERSION = 5.0;
				TARGETED_DEVICE_FAMILY = "1,2";
				TEST_TARGET_NAME = "CVS-Code-Challenge";
			};
			name = Release;
		};
/* End XCBuildConfiguration section */

/* Begin XCConfigurationList section */
		CB4BBF352F910F79004F8C51 /* Build configuration list for PBXProject "CVS-Code-Challenge" */ = {
			isa = XCConfigurationList;
			buildConfigurations = (
				CB4BBF592F910F7B004F8C51 /* Debug */,
				CB4BBF5A2F910F7B004F8C51 /* Release */,
			);
			defaultConfigurationIsVisible = 0;
			defaultConfigurationName = Release;
		};
		CB4BBF5B2F910F7B004F8C51 /* Build configuration list for PBXNativeTarget "CVS-Code-Challenge" */ = {
			isa = XCConfigurationList;
			buildConfigurations = (
				CB4BBF5C2F910F7B004F8C51 /* Debug */,
				CB4BBF5D2F910F7B004F8C51 /* Release */,
			);
			defaultConfigurationIsVisible = 0;
			defaultConfigurationName = Release;
		};
		CB4BBF5E2F910F7B004F8C51 /* Build configuration list for PBXNativeTarget "CVS-Code-ChallengeTests" */ = {
			isa = XCConfigurationList;
			buildConfigurations = (
				CB4BBF5F2F910F7B004F8C51 /* Debug */,
				CB4BBF602F910F7B004F8C51 /* Release */,
			);
			defaultConfigurationIsVisible = 0;
			defaultConfigurationName = Release;
		};
		CB4BBF612F910F7B004F8C51 /* Build configuration list for PBXNativeTarget "CVS-Code-ChallengeUITests" */ = {
			isa = XCConfigurationList;
			buildConfigurations = (
				CB4BBF622F910F7B004F8C51 /* Debug */,
				CB4BBF632F910F7B004F8C51 /* Release */,
			);
			defaultConfigurationIsVisible = 0;
			defaultConfigurationName = Release;
		};
/* End XCConfigurationList section */
	};
	rootObject = CB4BBF322F910F79004F8C51 /* Project object */;
}
